
Microsoft Visual Studio Solution File, Format Version 12.00
# Visual Studio Version 16
VisualStudioVersion = 16.0.31515.178
MinimumVisualStudioVersion = 10.0.40219.1
Project("{8BC9CEB8-8B4A-11D0-8D11-00A0C91BC942}") = "Practice", "Practice\Practice.vcxproj", "{59458A0D-0814-4BCE-8582-89B7FDE82DB6}"
EndProject
Global
	GlobalSection(SolutionConfigurationPlatforms) = preSolution
		Debug|x64 = Debug|x64
		Debug|x86 = Debug|x86
		Release|x64 = Release|x64
		Release|x86 = Release|x86
	EndGlobalSection
	GlobalSection(ProjectConfigurationPlatforms) = postSolution
		{59458A0D-0814-4BCE-8582-89B7FDE82DB6}.Debug|x64.ActiveCfg = Debug|x64
		{59458A0D-0814-4BCE-8582-89B7FDE82DB6}.Debug|x64.Build.0 = Debug|x64
		{59458A0D-0814-4BCE-8582-89B7FDE82DB6}.Debug|x86.ActiveCfg = Debug|Win32
		{59458A0D-0814-4BCE-8582-89B7FDE82DB6}.Debug|x86.Build.0 = Debug|Win32
		{59458A0D-0814-4BCE-8582-89B7FDE82DB6}.Release|x64.ActiveCfg = Release|x64
		{59458A0D-0814-4BCE-8582-89B7FDE82DB6}.Release|x64.Build.0 = Release|x64
		{59458A0D-0814-4BCE-8582-89B7FDE82DB6}.Release|x86.ActiveCfg = Release|Win32
		{59458A0D-0814-4BCE-8582-89B7FDE82DB6}.Release|x86.Build.0 = Release|Win32
	EndGlobalSection
	GlobalSection(SolutionProperties) = preSolution
		HideSolutionNode = FALSE
	EndGlobalSection
	GlobalSection(ExtensibilityGlobals) = postSolution
		SolutionGuid = {A21F144B-2D79-4931-93DF-167D24684758}
	EndGlobalSection
EndGlobal
